
Microsoft Visual Studio Solution File, Format Version 12.00
# Visual Studio Version 16
VisualStudioVersion = 25.0.1706.14
MinimumVisualStudioVersion = 10.0.40219.1
Project("{FAE04EC0-301F-11D3-BF4B-00C04F79EFBC}") = "BarIstasyon.DataAccess", "BarIstasyon.DataAccess.csproj", "{416E9FD3-07F0-4863-BE05-4664DB990BB9}"
EndProject
Global
	GlobalSection(SolutionConfigurationPlatforms) = preSolution
		Debug|Any CPU = Debug|Any CPU
		Release|Any CPU = Release|Any CPU
	EndGlobalSection
	GlobalSection(ProjectConfigurationPlatforms) = postSolution
		{416E9FD3-07F0-4863-BE05-4664DB990BB9}.Debug|Any CPU.ActiveCfg = Debug|Any CPU
		{416E9FD3-07F0-4863-BE05-4664DB990BB9}.Debug|Any CPU.Build.0 = Debug|Any CPU
		{416E9FD3-07F0-4863-BE05-4664DB990BB9}.Release|Any CPU.ActiveCfg = Release|Any CPU
		{416E9FD3-07F0-4863-BE05-4664DB990BB9}.Release|Any CPU.Build.0 = Release|Any CPU
	EndGlobalSection
	GlobalSection(SolutionProperties) = preSolution
		HideSolutionNode = FALSE
	EndGlobalSection
	GlobalSection(ExtensibilityGlobals) = postSolution
		SolutionGuid = {AC56B950-CC64-48F9-95D3-3878A3D11DC7}
	EndGlobalSection
EndGlobal
